// !$*UTF8*$!
{
	archiveVersion = 1;
	classes = {
	};
	objectVersion = 77;
	objects = {

/* Begin PBXBuildFile section */
		1FA7086FA58FE4081D037C0E /* EloAds in Frameworks */ = {isa = PBXBuildFile; productRef = 8CC7A26CA8B5B5A6088577E8 /* EloAds */; };
		3BDDF68CB06B4620D07DD4F3 /* EloAdsMediationAdMob in Frameworks */ = {isa = PBXBuildFile; productRef = CC6D867E3BA688D0EB69F4D5 /* EloAdsMediationAdMob */; };
		86ADB52CCB62BCB36B737D98 /* EloAdsExampleApp.swift in Sources */ = {isa = PBXBuildFile; fileRef = 3975CADB943F470AF7BBAA8D /* EloAdsExampleApp.swift */; };
/* End PBXBuildFile section */

/* Begin PBXFileReference section */
		3975CADB943F470AF7BBAA8D /* EloAdsExampleApp.swift */ = {isa = PBXFileReference; lastKnownFileType = sourcecode.swift; path = EloAdsExampleApp.swift; sourceTree = "<group>"; };
		88037BE64426881605E670F3 /* EloAdsExample.app */ = {isa = PBXFileReference; includeInIndex = 0; lastKnownFileType = wrapper.application; path = EloAdsExample.app; sourceTree = BUILT_PRODUCTS_DIR; };
/* End PBXFileReference section */

/* Begin PBXFrameworksBuildPhase section */
		3A5B1A1A76A5D25D54E36BEE /* Frameworks */ = {
			isa = PBXFrameworksBuildPhase;
			buildActionMask = 2147483647;
			files = (
				1FA7086FA58FE4081D037C0E /* EloAds in Frameworks */,
				3BDDF68CB06B4620D07DD4F3 /* EloAdsMediationAdMob in Frameworks */,
			);
			runOnlyForDeploymentPostprocessing = 0;
		};
/* End PBXFrameworksBuildPhase section */

/* Begin PBXGroup section */
		2E58B111C232D6B7ACF4B67A /* Products */ = {
			isa = PBXGroup;
			children = (
				88037BE64426881605E670F3 /* EloAdsExample.app */,
			);
			name = Products;
			sourceTree = "<group>";
		};
		364678B2AA01F9989C3045CB = {
			isa = PBXGroup;
			children = (
				FB13C6479CEC457A85CFAAA0 /* Sources */,
				2E58B111C232D6B7ACF4B67A /* Products */,
			);
			sourceTree = "<group>";
		};
		FB13C6479CEC457A85CFAAA0 /* Sources */ = {
			isa = PBXGroup;
			children = (
				3975CADB943F470AF7BBAA8D /* EloAdsExampleApp.swift */,
			);
			path = Sources;
			sourceTree = "<group>";
		};
/* End PBXGroup section */

/* Begin PBXNativeTarget section */
		0F13142C28998D56BBDEE0FF /* EloAdsExample */ = {
			isa = PBXNativeTarget;
			buildConfigurationList = 8ADF18A933E30F21DFCCD5B4 /* Build configuration list for PBXNativeTarget "EloAdsExample" */;
			buildPhases = (
				CDDD6549318A6A7A84BE74CE /* Sources */,
				3A5B1A1A76A5D25D54E36BEE /* Frameworks */,
			);
			buildRules = (
			);
			dependencies = (
			);
			name = EloAdsExample;
			packageProductDependencies = (
				8CC7A26CA8B5B5A6088577E8 /* EloAds */,
				CC6D867E3BA688D0EB69F4D5 /* EloAdsMediationAdMob */,
			);
			productName = EloAdsExample;
			productReference = 88037BE64426881605E670F3 /* EloAdsExample.app */;
			productType = "com.apple.product-type.application";
		};
/* End PBXNativeTarget section */

/* Begin PBXProject section */
		91A02408C5DE4CD93213C681 /* Project object */ = {
			isa = PBXProject;
			attributes = {
				BuildIndependentTargetsInParallel = YES;
				LastUpgradeCheck = 1430;
				TargetAttributes = {
				};
			};
			buildConfigurationList = 11A39D3FDBF1E11050F6B315 /* Build configuration list for PBXProject "EloAdsExample" */;
			developmentRegion = en;
			hasScannedForEncodings = 0;
			knownRegions = (
				Base,
				en,
			);
			mainGroup = 364678B2AA01F9989C3045CB;
			minimizedProjectReferenceProxies = 1;
			packageReferences = (
				9FA4B7BFE744DA7A76EE3AE9 /* XCRemoteSwiftPackageReference "elo-ios-sdk" */,
			);
			preferredProjectObjectVersion = 77;
			productRefGroup = 2E58B111C232D6B7ACF4B67A /* Products */;
			projectDirPath = "";
			projectRoot = "";
			targets = (
				0F13142C28998D56BBDEE0FF /* EloAdsExample */,
			);
		};
/* End PBXProject section */

/* Begin PBXSourcesBuildPhase section */
		CDDD6549318A6A7A84BE74CE /* Sources */ = {
			isa = PBXSourcesBuildPhase;
			buildActionMask = 2147483647;
			files = (
				86ADB52CCB62BCB36B737D98 /* EloAdsExampleApp.swift in Sources */,
			);
			runOnlyForDeploymentPostprocessing = 0;
		};
/* End PBXSourcesBuildPhase section */

/* Begin XCBuildConfiguration section */
		584A61460E0F12109E0D9B0F /* Release */ = {
			isa = XCBuildConfiguration;
			buildSettings = {
				ALWAYS_SEARCH_USER_PATHS = NO;
				CLANG_ANALYZER_NONNULL = YES;
				CLANG_ANALYZER_NUMBER_OBJECT_CONVERSION = YES_AGGRESSIVE;
				CLANG_CXX_LANGUAGE_STANDARD = "gnu++14";
				CLANG_CXX_LIBRARY = "libc++";
				CLANG_ENABLE_MODULES = YES;
				CLANG_ENABLE_OBJC_ARC = YES;
				CLANG_ENABLE_OBJC_WEAK = YES;
				CLANG_WARN_BLOCK_CAPTURE_AUTORELEASING = YES;
				CLANG_WARN_BOOL_CONVERSION = YES;
				CLANG_WARN_COMMA = YES;
				CLANG_WARN_CONSTANT_CONVERSION = YES;
				CLANG_WARN_DEPRECATED_OBJC_IMPLEMENTATIONS = YES;
				CLANG_WARN_DIRECT_OBJC_ISA_USAGE = YES_ERROR;
				CLANG_WARN_DOCUMENTATION_COMMENTS = YES;
				CLANG_WARN_EMPTY_BODY = YES;
				CLANG_WARN_ENUM_CONVERSION = YES;
				CLANG_WARN_INFINITE_RECURSION = YES;
				CLANG_WARN_INT_CONVERSION = YES;
				CLANG_WARN_NON_LITERAL_NULL_CONVERSION = YES;
				CLANG_WARN_OBJC_IMPLICIT_RETAIN_SELF = YES;
				CLANG_WARN_OBJC_LITERAL_CONVERSION = YES;
				CLANG_WARN_OBJC_ROOT_CLASS = YES_ERROR;
				CLANG_WARN_QUOTED_INCLUDE_IN_FRAMEWORK_HEADER = YES;
				CLANG_WARN_RANGE_LOOP_ANALYSIS = YES;
				CLANG_WARN_STRICT_PROTOTYPES = YES;
				CLANG_WARN_SUSPICIOUS_MOVE = YES;
				CLANG_WARN_UNGUARDED_AVAILABILITY = YES_AGGRESSIVE;
				CLANG_WARN_UNREACHABLE_CODE = YES;
				CLANG_WARN__DUPLICATE_METHOD_MATCH = YES;
				COPY_PHASE_STRIP = NO;
				DEBUG_INFORMATION_FORMAT = "dwarf-with-dsym";
				ENABLE_NS_ASSERTIONS = NO;
				ENABLE_STRICT_OBJC_MSGSEND = YES;
				GCC_C_LANGUAGE_STANDARD = gnu11;
				GCC_NO_COMMON_BLOCKS = YES;
				GCC_WARN_64_TO_32_BIT_CONVERSION = YES;
				GCC_WARN_ABOUT_RETURN_TYPE = YES_ERROR;
				GCC_WARN_UNDECLARED_SELECTOR = YES;
				GCC_WARN_UNINITIALIZED_AUTOS = YES_AGGRESSIVE;
				GCC_WARN_UNUSED_FUNCTION = YES;
				GCC_WARN_UNUSED_VARIABLE = YES;
				IPHONEOS_DEPLOYMENT_TARGET = 16.0;
				MTL_ENABLE_DEBUG_INFO = NO;
				MTL_FAST_MATH = YES;
				PRODUCT_NAME = "$(TARGET_NAME)";
				SDKROOT = iphoneos;
				SWIFT_COMPILATION_MODE = wholemodule;
				SWIFT_OPTIMIZATION_LEVEL = "-O";
				SWIFT_VERSION = 5.0;
			};
			name = Release;
		};
		93E0BDAF3BCF8FBDC756124F /* Release */ = {
			isa = XCBuildConfiguration;
			buildSettings = {
				ASSETCATALOG_COMPILER_APPICON_NAME = AppIcon;
				CODE_SIGN_IDENTITY = "iPhone Developer";
				GENERATE_INFOPLIST_FILE = NO;
				INFOPLIST_FILE = Support/Info.plist;
				LD_RUNPATH_SEARCH_PATHS = (
					"$(inherited)",
					"@executable_path/Frameworks",
				);
				PRODUCT_BUNDLE_IDENTIFIER = com.elo.example.EloAdsExample;
				SDKROOT = iphoneos;
				SWIFT_VERSION = 5.0;
				TARGETED_DEVICE_FAMILY = "1,2";
			};
			name = Release;
		};
		B8414B067DA5FCC8D1C63B61 /* Debug */ = {
			isa = XCBuildConfiguration;
			buildSettings = {
				ASSETCATALOG_COMPILER_APPICON_NAME = AppIcon;
				CODE_SIGN_IDENTITY = "iPhone Developer";
				GENERATE_INFOPLIST_FILE = NO;
				INFOPLIST_FILE = Support/Info.plist;
				LD_RUNPATH_SEARCH_PATHS = (
					"$(inherited)",
					"@executable_path/Frameworks",
				);
				PRODUCT_BUNDLE_IDENTIFIER = com.elo.example.EloAdsExample;
				SDKROOT = iphoneos;
				SWIFT_VERSION = 5.0;
				TARGETED_DEVICE_FAMILY = "1,2";
			};
			name = Debug;
		};
		EA207CAC96AE180829650F2D /* Debug */ = {
			isa = XCBuildConfiguration;
			buildSettings = {
				ALWAYS_SEARCH_USER_PATHS = NO;
				CLANG_ANALYZER_NONNULL = YES;
				CLANG_ANALYZER_NUMBER_OBJECT_CONVERSION = YES_AGGRESSIVE;
				CLANG_CXX_LANGUAGE_STANDARD = "gnu++14";
				CLANG_CXX_LIBRARY = "libc++";
				CLANG_ENABLE_MODULES = YES;
				CLANG_ENABLE_OBJC_ARC = YES;
				CLANG_ENABLE_OBJC_WEAK = YES;
				CLANG_WARN_BLOCK_CAPTURE_AUTORELEASING = YES;
				CLANG_WARN_BOOL_CONVERSION = YES;
				CLANG_WARN_COMMA = YES;
				CLANG_WARN_CONSTANT_CONVERSION = YES;
				CLANG_WARN_DEPRECATED_OBJC_IMPLEMENTATIONS = YES;
				CLANG_WARN_DIRECT_OBJC_ISA_USAGE = YES_ERROR;
				CLANG_WARN_DOCUMENTATION_COMMENTS = YES;
				CLANG_WARN_EMPTY_BODY = YES;
				CLANG_WARN_ENUM_CONVERSION = YES;
				CLANG_WARN_INFINITE_RECURSION = YES;
				CLANG_WARN_INT_CONVERSION = YES;
				CLANG_WARN_NON_LITERAL_NULL_CONVERSION = YES;
				CLANG_WARN_OBJC_IMPLICIT_RETAIN_SELF = YES;
				CLANG_WARN_OBJC_LITERAL_CONVERSION = YES;
				CLANG_WARN_OBJC_ROOT_CLASS = YES_ERROR;
				CLANG_WARN_QUOTED_INCLUDE_IN_FRAMEWORK_HEADER = YES;
				CLANG_WARN_RANGE_LOOP_ANALYSIS = YES;
				CLANG_WARN_STRICT_PROTOTYPES = YES;
				CLANG_WARN_SUSPICIOUS_MOVE = YES;
				CLANG_WARN_UNGUARDED_AVAILABILITY = YES_AGGRESSIVE;
				CLANG_WARN_UNREACHABLE_CODE = YES;
				CLANG_WARN__DUPLICATE_METHOD_MATCH = YES;
				COPY_PHASE_STRIP = NO;
				DEBUG_INFORMATION_FORMAT = dwarf;
				ENABLE_STRICT_OBJC_MSGSEND = YES;
				ENABLE_TESTABILITY = YES;
				GCC_C_LANGUAGE_STANDARD = gnu11;
				GCC_DYNAMIC_NO_PIC = NO;
				GCC_NO_COMMON_BLOCKS = YES;
				GCC_OPTIMIZATION_LEVEL = 0;
				GCC_PREPROCESSOR_DEFINITIONS = (
					"$(inherited)",
					"DEBUG=1",
				);
				GCC_WARN_64_TO_32_BIT_CONVERSION = YES;
				GCC_WARN_ABOUT_RETURN_TYPE = YES_ERROR;
				GCC_WARN_UNDECLARED_SELECTOR = YES;
				GCC_WARN_UNINITIALIZED_AUTOS = YES_AGGRESSIVE;
				GCC_WARN_UNUSED_FUNCTION = YES;
				GCC_WARN_UNUSED_VARIABLE = YES;
				IPHONEOS_DEPLOYMENT_TARGET = 16.0;
				MTL_ENABLE_DEBUG_INFO = INCLUDE_SOURCE;
				MTL_FAST_MATH = YES;
				ONLY_ACTIVE_ARCH = YES;
				PRODUCT_NAME = "$(TARGET_NAME)";
				SDKROOT = iphoneos;
				SWIFT_ACTIVE_COMPILATION_CONDITIONS = DEBUG;
				SWIFT_OPTIMIZATION_LEVEL = "-Onone";
				SWIFT_VERSION = 5.0;
			};
			name = Debug;
		};
/* End XCBuildConfiguration section */

/* Begin XCConfigurationList section */
		11A39D3FDBF1E11050F6B315 /* Build configuration list for PBXProject "EloAdsExample" */ = {
			isa = XCConfigurationList;
			buildConfigurations = (
				EA207CAC96AE180829650F2D /* Debug */,
				584A61460E0F12109E0D9B0F /* Release */,
			);
			defaultConfigurationIsVisible = 0;
			defaultConfigurationName = Debug;
		};
		8ADF18A933E30F21DFCCD5B4 /* Build configuration list for PBXNativeTarget "EloAdsExample" */ = {
			isa = XCConfigurationList;
			buildConfigurations = (
				B8414B067DA5FCC8D1C63B61 /* Debug */,
				93E0BDAF3BCF8FBDC756124F /* Release */,
			);
			defaultConfigurationIsVisible = 0;
			defaultConfigurationName = Debug;
		};
/* End XCConfigurationList section */

/* Begin XCRemoteSwiftPackageReference section */
		9FA4B7BFE744DA7A76EE3AE9 /* XCRemoteSwiftPackageReference "elo-ios-sdk" */ = {
			isa = XCRemoteSwiftPackageReference;
			repositoryURL = "https://github.com/growlads/elo-ios-sdk";
			requirement = {
				kind = exactVersion;
				version = 0.4.1;
			};
		};
/* End XCRemoteSwiftPackageReference section */

/* Begin XCSwiftPackageProductDependency section */
		8CC7A26CA8B5B5A6088577E8 /* EloAds */ = {
			isa = XCSwiftPackageProductDependency;
			package = 9FA4B7BFE744DA7A76EE3AE9 /* XCRemoteSwiftPackageReference "elo-ios-sdk" */;
			productName = EloAds;
		};
		CC6D867E3BA688D0EB69F4D5 /* EloAdsMediationAdMob */ = {
			isa = XCSwiftPackageProductDependency;
			package = 9FA4B7BFE744DA7A76EE3AE9 /* XCRemoteSwiftPackageReference "elo-ios-sdk" */;
			productName = EloAdsMediationAdMob;
		};
/* End XCSwiftPackageProductDependency section */
	};
	rootObject = 91A02408C5DE4CD93213C681 /* Project object */;
}
